# This file is automatically @generated by Cargo.
# It is not intended for manual editing.
version = 4

[[package]]
name = "atlas-cli"
version = "0.1.0"
dependencies = [
 "atlas-engine",
 "atlas-tools",
 "log",
]

[[package]]
name = "atlas-engine"
version = "0.1.0"

[[package]]
name = "atlas-tools"
version = "0.1.0"

[[package]]
name = "log"
version = "0.1.0"
